// !$*UTF8*$!
{
	archiveVersion = 1;
	classes = {
	};
	objectVersion = 56;
	objects = {

/* Begin PBXBuildFile section */
		282B8C402A7ADFF300F983CD /* ExchangeReceipViewController.swift in Sources */ = {isa = PBXBuildFile; fileRef = 282B8C3F2A7ADFF300F983CD /* ExchangeReceipViewController.swift */; };
		282B8C422A7AE5E000F983CD /* CustomExchangeReceipTabCell.swift in Sources */ = {isa = PBXBuildFile; fileRef = 282B8C412A7AE5E000F983CD /* CustomExchangeReceipTabCell.swift */; };
		2843A6112A7A4B9C0009E3D3 /* AppDelegate.swift in Sources */ = {isa = PBXBuildFile; fileRef = 2843A6102A7A4B9C0009E3D3 /* AppDelegate.swift */; };
		2843A6132A7A4B9C0009E3D3 /* SceneDelegate.swift in Sources */ = {isa = PBXBuildFile; fileRef = 2843A6122A7A4B9C0009E3D3 /* SceneDelegate.swift */; };
		2843A61A2A7A4B9D0009E3D3 /* Assets.xcassets in Resources */ = {isa = PBXBuildFile; fileRef = 2843A6192A7A4B9D0009E3D3 /* Assets.xcassets */; };
		2843A61D2A7A4B9D0009E3D3 /* LaunchScreen.storyboard in Resources */ = {isa = PBXBuildFile; fileRef = 2843A61B2A7A4B9D0009E3D3 /* LaunchScreen.storyboard */; };
		2843A6252A7A4D9B0009E3D3 /* DetailTransferWalletViewController.swift in Sources */ = {isa = PBXBuildFile; fileRef = 2843A6242A7A4D9B0009E3D3 /* DetailTransferWalletViewController.swift */; };
		2843A62D2A7A521D0009E3D3 /* SnapKit in Frameworks */ = {isa = PBXBuildFile; productRef = 2843A62C2A7A521D0009E3D3 /* SnapKit */; };
		2843A62F2A7A567E0009E3D3 /* CustomDetailTransferTabCell.swift in Sources */ = {isa = PBXBuildFile; fileRef = 2843A62E2A7A567E0009E3D3 /* CustomDetailTransferTabCell.swift */; };
/* End PBXBuildFile section */

/* Begin PBXFileReference section */
		282B8C3F2A7ADFF300F983CD /* ExchangeReceipViewController.swift */ = {isa = PBXFileReference; lastKnownFileType = sourcecode.swift; path = ExchangeReceipViewController.swift; sourceTree = "<group>"; };
		282B8C412A7AE5E000F983CD /* CustomExchangeReceipTabCell.swift */ = {isa = PBXFileReference; lastKnownFileType = sourcecode.swift; path = CustomExchangeReceipTabCell.swift; sourceTree = "<group>"; };
		2843A60D2A7A4B9C0009E3D3 /* DetailTransferWallet.app */ = {isa = PBXFileReference; explicitFileType = wrapper.application; includeInIndex = 0; path = DetailTransferWallet.app; sourceTree = BUILT_PRODUCTS_DIR; };
		2843A6102A7A4B9C0009E3D3 /* AppDelegate.swift */ = {isa = PBXFileReference; lastKnownFileType = sourcecode.swift; path = AppDelegate.swift; sourceTree = "<group>"; };
		2843A6122A7A4B9C0009E3D3 /* SceneDelegate.swift */ = {isa = PBXFileReference; lastKnownFileType = sourcecode.swift; path = SceneDelegate.swift; sourceTree = "<group>"; };
		2843A6192A7A4B9D0009E3D3 /* Assets.xcassets */ = {isa = PBXFileReference; lastKnownFileType = folder.assetcatalog; path = Assets.xcassets; sourceTree = "<group>"; };
		2843A61C2A7A4B9D0009E3D3 /* Base */ = {isa = PBXFileReference; lastKnownFileType = file.storyboard; name = Base; path = Base.lproj/LaunchScreen.storyboard; sourceTree = "<group>"; };
		2843A61E2A7A4B9D0009E3D3 /* Info.plist */ = {isa = PBXFileReference; lastKnownFileType = text.plist.xml; path = Info.plist; sourceTree = "<group>"; };
		2843A6242A7A4D9B0009E3D3 /* DetailTransferWalletViewController.swift */ = {isa = PBXFileReference; lastKnownFileType = sourcecode.swift; path = DetailTransferWalletViewController.swift; sourceTree = "<group>"; };
		2843A62E2A7A567E0009E3D3 /* CustomDetailTransferTabCell.swift */ = {isa = PBXFileReference; lastKnownFileType = sourcecode.swift; path = CustomDetailTransferTabCell.swift; sourceTree = "<group>"; };
/* End PBXFileReference section */

/* Begin PBXFrameworksBuildPhase section */
		2843A60A2A7A4B9C0009E3D3 /* Frameworks */ = {
			isa = PBXFrameworksBuildPhase;
			buildActionMask = 2147483647;
			files = (
				2843A62D2A7A521D0009E3D3 /* SnapKit in Frameworks */,
			);
			runOnlyForDeploymentPostprocessing = 0;
		};
/* End PBXFrameworksBuildPhase section */

/* Begin PBXGroup section */
		282B8C3C2A7ADEB100F983CD /* DetailTransferWalletViewController */ = {
			isa = PBXGroup;
			children = (
				2843A62A2A7A4E480009E3D3 /* Components */,
				2843A6242A7A4D9B0009E3D3 /* DetailTransferWalletViewController.swift */,
			);
			path = DetailTransferWalletViewController;
			sourceTree = "<group>";
		};
		282B8C3D2A7ADF2E00F983CD /* ExchangeReceipViewController */ = {
			isa = PBXGroup;
			children = (
				282B8C3E2A7ADFCB00F983CD /* Components */,
				282B8C3F2A7ADFF300F983CD /* ExchangeReceipViewController.swift */,
			);
			path = ExchangeReceipViewController;
			sourceTree = "<group>";
		};
		282B8C3E2A7ADFCB00F983CD /* Components */ = {
			isa = PBXGroup;
			children = (
				282B8C412A7AE5E000F983CD /* CustomExchangeReceipTabCell.swift */,
			);
			path = Components;
			sourceTree = "<group>";
		};
		2843A6042A7A4B9C0009E3D3 = {
			isa = PBXGroup;
			children = (
				2843A60F2A7A4B9C0009E3D3 /* DetailTransferWallet */,
				2843A60E2A7A4B9C0009E3D3 /* Products */,
			);
			sourceTree = "<group>";
		};
		2843A60E2A7A4B9C0009E3D3 /* Products */ = {
			isa = PBXGroup;
			children = (
				2843A60D2A7A4B9C0009E3D3 /* DetailTransferWallet.app */,
			);
			name = Products;
			sourceTree = "<group>";
		};
		2843A60F2A7A4B9C0009E3D3 /* DetailTransferWallet */ = {
			isa = PBXGroup;
			children = (
				2843A6262A7A4DC10009E3D3 /* App */,
				2843A6272A7A4DD10009E3D3 /* Resources */,
				2843A6292A7A4E2D0009E3D3 /* Modules */,
			);
			path = DetailTransferWallet;
			sourceTree = "<group>";
		};
		2843A6262A7A4DC10009E3D3 /* App */ = {
			isa = PBXGroup;
			children = (
				2843A6102A7A4B9C0009E3D3 /* AppDelegate.swift */,
				2843A6122A7A4B9C0009E3D3 /* SceneDelegate.swift */,
			);
			path = App;
			sourceTree = "<group>";
		};
		2843A6272A7A4DD10009E3D3 /* Resources */ = {
			isa = PBXGroup;
			children = (
				2843A6192A7A4B9D0009E3D3 /* Assets.xcassets */,
				2843A61B2A7A4B9D0009E3D3 /* LaunchScreen.storyboard */,
				2843A61E2A7A4B9D0009E3D3 /* Info.plist */,
			);
			path = Resources;
			sourceTree = "<group>";
		};
		2843A6292A7A4E2D0009E3D3 /* Modules */ = {
			isa = PBXGroup;
			children = (
				282B8C3D2A7ADF2E00F983CD /* ExchangeReceipViewController */,
				282B8C3C2A7ADEB100F983CD /* DetailTransferWalletViewController */,
			);
			path = Modules;
			sourceTree = "<group>";
		};
		2843A62A2A7A4E480009E3D3 /* Components */ = {
			isa = PBXGroup;
			children = (
				2843A62E2A7A567E0009E3D3 /* CustomDetailTransferTabCell.swift */,
			);
			path = Components;
			sourceTree = "<group>";
		};
/* End PBXGroup section */

/* Begin PBXNativeTarget section */
		2843A60C2A7A4B9C0009E3D3 /* DetailTransferWallet */ = {
			isa = PBXNativeTarget;
			buildConfigurationList = 2843A6212A7A4B9D0009E3D3 /* Build configuration list for PBXNativeTarget "DetailTransferWallet" */;
			buildPhases = (
				2843A6092A7A4B9C0009E3D3 /* Sources */,
				2843A60A2A7A4B9C0009E3D3 /* Frameworks */,
				2843A60B2A7A4B9C0009E3D3 /* Resources */,
			);
			buildRules = (
			);
			dependencies = (
			);
			name = DetailTransferWallet;
			packageProductDependencies = (
				2843A62C2A7A521D0009E3D3 /* SnapKit */,
			);
			productName = DetailTransferWallet;
			productReference = 2843A60D2A7A4B9C0009E3D3 /* DetailTransferWallet.app */;
			productType = "com.apple.product-type.application";
		};
/* End PBXNativeTarget section */

/* Begin PBXProject section */
		2843A6052A7A4B9C0009E3D3 /* Project object */ = {
			isa = PBXProject;
			attributes = {
				BuildIndependentTargetsInParallel = 1;
				LastSwiftUpdateCheck = 1430;
				LastUpgradeCheck = 1430;
				TargetAttributes = {
					2843A60C2A7A4B9C0009E3D3 = {
						CreatedOnToolsVersion = 14.3;
					};
				};
			};
			buildConfigurationList = 2843A6082A7A4B9C0009E3D3 /* Build configuration list for PBXProject "DetailTransferWallet" */;
			compatibilityVersion = "Xcode 14.0";
			developmentRegion = en;
			hasScannedForEncodings = 0;
			knownRegions = (
				en,
				Base,
			);
			mainGroup = 2843A6042A7A4B9C0009E3D3;
			packageReferences = (
				2843A62B2A7A521D0009E3D3 /* XCRemoteSwiftPackageReference "SnapKit" */,
			);
			productRefGroup = 2843A60E2A7A4B9C0009E3D3 /* Products */;
			projectDirPath = "";
			projectRoot = "";
			targets = (
				2843A60C2A7A4B9C0009E3D3 /* DetailTransferWallet */,
			);
		};
/* End PBXProject section */

/* Begin PBXResourcesBuildPhase section */
		2843A60B2A7A4B9C0009E3D3 /* Resources */ = {
			isa = PBXResourcesBuildPhase;
			buildActionMask = 2147483647;
			files = (
				2843A61D2A7A4B9D0009E3D3 /* LaunchScreen.storyboard in Resources */,
				2843A61A2A7A4B9D0009E3D3 /* Assets.xcassets in Resources */,
			);
			runOnlyForDeploymentPostprocessing = 0;
		};
/* End PBXResourcesBuildPhase section */

/* Begin PBXSourcesBuildPhase section */
		2843A6092A7A4B9C0009E3D3 /* Sources */ = {
			isa = PBXSourcesBuildPhase;
			buildActionMask = 2147483647;
			files = (
				2843A62F2A7A567E0009E3D3 /* CustomDetailTransferTabCell.swift in Sources */,
				282B8C422A7AE5E000F983CD /* CustomExchangeReceipTabCell.swift in Sources */,
				2843A6252A7A4D9B0009E3D3 /* DetailTransferWalletViewController.swift in Sources */,
				2843A6112A7A4B9C0009E3D3 /* AppDelegate.swift in Sources */,
				282B8C402A7ADFF300F983CD /* ExchangeReceipViewController.swift in Sources */,
				2843A6132A7A4B9C0009E3D3 /* SceneDelegate.swift in Sources */,
			);
			runOnlyForDeploymentPostprocessing = 0;
		};
/* End PBXSourcesBuildPhase section */

/* Begin PBXVariantGroup section */
		2843A61B2A7A4B9D0009E3D3 /* LaunchScreen.storyboard */ = {
			isa = PBXVariantGroup;
			children = (
				2843A61C2A7A4B9D0009E3D3 /* Base */,
			);
			name = LaunchScreen.storyboard;
			sourceTree = "<group>";
		};
/* End PBXVariantGroup section */

/* Begin XCBuildConfiguration section */
		2843A61F2A7A4B9D0009E3D3 /* Debug */ = {
			isa = XCBuildConfiguration;
			buildSettings = {
				ALWAYS_SEARCH_USER_PATHS = NO;
				CLANG_ANALYZER_NONNULL = YES;
				CLANG_ANALYZER_NUMBER_OBJECT_CONVERSION = YES_AGGRESSIVE;
				CLANG_CXX_LANGUAGE_STANDARD = "gnu++20";
				CLANG_ENABLE_MODULES = YES;
				CLANG_ENABLE_OBJC_ARC = YES;
				CLANG_ENABLE_OBJC_WEAK = YES;
				CLANG_WARN_BLOCK_CAPTURE_AUTORELEASING = YES;
				CLANG_WARN_BOOL_CONVERSION = YES;
				CLANG_WARN_COMMA = YES;
				CLANG_WARN_CONSTANT_CONVERSION = YES;
				CLANG_WARN_DEPRECATED_OBJC_IMPLEMENTATIONS = YES;
				CLANG_WARN_DIRECT_OBJC_ISA_USAGE = YES_ERROR;
				CLANG_WARN_DOCUMENTATION_COMMENTS = YES;
				CLANG_WARN_EMPTY_BODY = YES;
				CLANG_WARN_ENUM_CONVERSION = YES;
				CLANG_WARN_INFINITE_RECURSION = YES;
				CLANG_WARN_INT_CONVERSION = YES;
				CLANG_WARN_NON_LITERAL_NULL_CONVERSION = YES;
				CLANG_WARN_OBJC_IMPLICIT_RETAIN_SELF = YES;
				CLANG_WARN_OBJC_LITERAL_CONVERSION = YES;
				CLANG_WARN_OBJC_ROOT_CLASS = YES_ERROR;
				CLANG_WARN_QUOTED_INCLUDE_IN_FRAMEWORK_HEADER = YES;
				CLANG_WARN_RANGE_LOOP_ANALYSIS = YES;
				CLANG_WARN_STRICT_PROTOTYPES = YES;
				CLANG_WARN_SUSPICIOUS_MOVE = YES;
				CLANG_WARN_UNGUARDED_AVAILABILITY = YES_AGGRESSIVE;
				CLANG_WARN_UNREACHABLE_CODE = YES;
				CLANG_WARN__DUPLICATE_METHOD_MATCH = YES;
				COPY_PHASE_STRIP = NO;
				DEBUG_INFORMATION_FORMAT = dwarf;
				ENABLE_STRICT_OBJC_MSGSEND = YES;
				ENABLE_TESTABILITY = YES;
				GCC_C_LANGUAGE_STANDARD = gnu11;
				GCC_DYNAMIC_NO_PIC = NO;
				GCC_NO_COMMON_BLOCKS = YES;
				GCC_OPTIMIZATION_LEVEL = 0;
				GCC_PREPROCESSOR_DEFINITIONS = (
					"DEBUG=1",
					"$(inherited)",
				);
				GCC_WARN_64_TO_32_BIT_CONVERSION = YES;
				GCC_WARN_ABOUT_RETURN_TYPE = YES_ERROR;
				GCC_WARN_UNDECLARED_SELECTOR = YES;
				GCC_WARN_UNINITIALIZED_AUTOS = YES_AGGRESSIVE;
				GCC_WARN_UNUSED_FUNCTION = YES;
				GCC_WARN_UNUSED_VARIABLE = YES;
				IPHONEOS_DEPLOYMENT_TARGET = 16.4;
				MTL_ENABLE_DEBUG_INFO = INCLUDE_SOURCE;
				MTL_FAST_MATH = YES;
				ONLY_ACTIVE_ARCH = YES;
				SDKROOT = iphoneos;
				SWIFT_ACTIVE_COMPILATION_CONDITIONS = DEBUG;
				SWIFT_OPTIMIZATION_LEVEL = "-Onone";
			};
			name = Debug;
		};
		2843A6202A7A4B9D0009E3D3 /* Release */ = {
			isa = XCBuildConfiguration;
			buildSettings = {
				ALWAYS_SEARCH_USER_PATHS = NO;
				CLANG_ANALYZER_NONNULL = YES;
				CLANG_ANALYZER_NUMBER_OBJECT_CONVERSION = YES_AGGRESSIVE;
				CLANG_CXX_LANGUAGE_STANDARD = "gnu++20";
				CLANG_ENABLE_MODULES = YES;
				CLANG_ENABLE_OBJC_ARC = YES;
				CLANG_ENABLE_OBJC_WEAK = YES;
				CLANG_WARN_BLOCK_CAPTURE_AUTORELEASING = YES;
				CLANG_WARN_BOOL_CONVERSION = YES;
				CLANG_WARN_COMMA = YES;
				CLANG_WARN_CONSTANT_CONVERSION = YES;
				CLANG_WARN_DEPRECATED_OBJC_IMPLEMENTATIONS = YES;
				CLANG_WARN_DIRECT_OBJC_ISA_USAGE = YES_ERROR;
				CLANG_WARN_DOCUMENTATION_COMMENTS = YES;
				CLANG_WARN_EMPTY_BODY = YES;
				CLANG_WARN_ENUM_CONVERSION = YES;
				CLANG_WARN_INFINITE_RECURSION = YES;
				CLANG_WARN_INT_CONVERSION = YES;
				CLANG_WARN_NON_LITERAL_NULL_CONVERSION = YES;
				CLANG_WARN_OBJC_IMPLICIT_RETAIN_SELF = YES;
				CLANG_WARN_OBJC_LITERAL_CONVERSION = YES;
				CLANG_WARN_OBJC_ROOT_CLASS = YES_ERROR;
				CLANG_WARN_QUOTED_INCLUDE_IN_FRAMEWORK_HEADER = YES;
				CLANG_WARN_RANGE_LOOP_ANALYSIS = YES;
				CLANG_WARN_STRICT_PROTOTYPES = YES;
				CLANG_WARN_SUSPICIOUS_MOVE = YES;
				CLANG_WARN_UNGUARDED_AVAILABILITY = YES_AGGRESSIVE;
				CLANG_WARN_UNREACHABLE_CODE = YES;
				CLANG_WARN__DUPLICATE_METHOD_MATCH = YES;
				COPY_PHASE_STRIP = NO;
				DEBUG_INFORMATION_FORMAT = "dwarf-with-dsym";
				ENABLE_NS_ASSERTIONS = NO;
				ENABLE_STRICT_OBJC_MSGSEND = YES;
				GCC_C_LANGUAGE_STANDARD = gnu11;
				GCC_NO_COMMON_BLOCKS = YES;
				GCC_WARN_64_TO_32_BIT_CONVERSION = YES;
				GCC_WARN_ABOUT_RETURN_TYPE = YES_ERROR;
				GCC_WARN_UNDECLARED_SELECTOR = YES;
				GCC_WARN_UNINITIALIZED_AUTOS = YES_AGGRESSIVE;
				GCC_WARN_UNUSED_FUNCTION = YES;
				GCC_WARN_UNUSED_VARIABLE = YES;
				IPHONEOS_DEPLOYMENT_TARGET = 16.4;
				MTL_ENABLE_DEBUG_INFO = NO;
				MTL_FAST_MATH = YES;
				SDKROOT = iphoneos;
				SWIFT_COMPILATION_MODE = wholemodule;
				SWIFT_OPTIMIZATION_LEVEL = "-O";
				VALIDATE_PRODUCT = YES;
			};
			name = Release;
		};
		2843A6222A7A4B9D0009E3D3 /* Debug */ = {
			isa = XCBuildConfiguration;
			buildSettings = {
				ASSETCATALOG_COMPILER_APPICON_NAME = AppIcon;
				ASSETCATALOG_COMPILER_GLOBAL_ACCENT_COLOR_NAME = AccentColor;
				CODE_SIGN_STYLE = Automatic;
				CURRENT_PROJECT_VERSION = 1;
				DEVELOPMENT_TEAM = 7TGA44R678;
				GENERATE_INFOPLIST_FILE = YES;
				INFOPLIST_FILE = DetailTransferWallet/Resources/Info.plist;
				INFOPLIST_KEY_UIApplicationSupportsIndirectInputEvents = YES;
				INFOPLIST_KEY_UILaunchStoryboardName = LaunchScreen;
				INFOPLIST_KEY_UISupportedInterfaceOrientations_iPad = "UIInterfaceOrientationPortrait UIInterfaceOrientationPortraitUpsideDown UIInterfaceOrientationLandscapeLeft UIInterfaceOrientationLandscapeRight";
				INFOPLIST_KEY_UISupportedInterfaceOrientations_iPhone = "UIInterfaceOrientationPortrait UIInterfaceOrientationLandscapeLeft UIInterfaceOrientationLandscapeRight";
				LD_RUNPATH_SEARCH_PATHS = (
					"$(inherited)",
					"@executable_path/Frameworks",
				);
				MARKETING_VERSION = 1.0;
				PRODUCT_BUNDLE_IDENTIFIER = SeitovN.DetailTransferWallet;
				PRODUCT_NAME = "$(TARGET_NAME)";
				SWIFT_EMIT_LOC_STRINGS = YES;
				SWIFT_VERSION = 5.0;
				TARGETED_DEVICE_FAMILY = "1,2";
			};
			name = Debug;
		};
		2843A6232A7A4B9D0009E3D3 /* Release */ = {
			isa = XCBuildConfiguration;
			buildSettings = {
				ASSETCATALOG_COMPILER_APPICON_NAME = AppIcon;
				ASSETCATALOG_COMPILER_GLOBAL_ACCENT_COLOR_NAME = AccentColor;
				CODE_SIGN_STYLE = Automatic;
				CURRENT_PROJECT_VERSION = 1;
				DEVELOPMENT_TEAM = 7TGA44R678;
				GENERATE_INFOPLIST_FILE = YES;
				INFOPLIST_FILE = DetailTransferWallet/Resources/Info.plist;
				INFOPLIST_KEY_UIApplicationSupportsIndirectInputEvents = YES;
				INFOPLIST_KEY_UILaunchStoryboardName = LaunchScreen;
				INFOPLIST_KEY_UISupportedInterfaceOrientations_iPad = "UIInterfaceOrientationPortrait UIInterfaceOrientationPortraitUpsideDown UIInterfaceOrientationLandscapeLeft UIInterfaceOrientationLandscapeRight";
				INFOPLIST_KEY_UISupportedInterfaceOrientations_iPhone = "UIInterfaceOrientationPortrait UIInterfaceOrientationLandscapeLeft UIInterfaceOrientationLandscapeRight";
				LD_RUNPATH_SEARCH_PATHS = (
					"$(inherited)",
					"@executable_path/Frameworks",
				);
				MARKETING_VERSION = 1.0;
				PRODUCT_BUNDLE_IDENTIFIER = SeitovN.DetailTransferWallet;
				PRODUCT_NAME = "$(TARGET_NAME)";
				SWIFT_EMIT_LOC_STRINGS = YES;
				SWIFT_VERSION = 5.0;
				TARGETED_DEVICE_FAMILY = "1,2";
			};
			name = Release;
		};
/* End XCBuildConfiguration section */

/* Begin XCConfigurationList section */
		2843A6082A7A4B9C0009E3D3 /* Build configuration list for PBXProject "DetailTransferWallet" */ = {
			isa = XCConfigurationList;
			buildConfigurations = (
				2843A61F2A7A4B9D0009E3D3 /* Debug */,
				2843A6202A7A4B9D0009E3D3 /* Release */,
			);
			defaultConfigurationIsVisible = 0;
			defaultConfigurationName = Release;
		};
		2843A6212A7A4B9D0009E3D3 /* Build configuration list for PBXNativeTarget "DetailTransferWallet" */ = {
			isa = XCConfigurationList;
			buildConfigurations = (
				2843A6222A7A4B9D0009E3D3 /* Debug */,
				2843A6232A7A4B9D0009E3D3 /* Release */,
			);
			defaultConfigurationIsVisible = 0;
			defaultConfigurationName = Release;
		};
/* End XCConfigurationList section */

/* Begin XCRemoteSwiftPackageReference section */
		2843A62B2A7A521D0009E3D3 /* XCRemoteSwiftPackageReference "SnapKit" */ = {
			isa = XCRemoteSwiftPackageReference;
			repositoryURL = "https://github.com/SnapKit/SnapKit.git";
			requirement = {
				kind = upToNextMajorVersion;
				minimumVersion = 5.0.0;
			};
		};
/* End XCRemoteSwiftPackageReference section */

/* Begin XCSwiftPackageProductDependency section */
		2843A62C2A7A521D0009E3D3 /* SnapKit */ = {
			isa = XCSwiftPackageProductDependency;
			package = 2843A62B2A7A521D0009E3D3 /* XCRemoteSwiftPackageReference "SnapKit" */;
			productName = SnapKit;
		};
/* End XCSwiftPackageProductDependency section */
	};
	rootObject = 2843A6052A7A4B9C0009E3D3 /* Project object */;
}
